
Microsoft Visual Studio Solution File, Format Version 12.00
# Visual Studio Version 17
VisualStudioVersion = 17.11.35208.52
MinimumVisualStudioVersion = 10.0.40219.1
Project("{FAE04EC0-301F-11D3-BF4B-00C04F79EFBC}") = "Task1", "Task1.csproj", "{D0BD03D3-2854-4710-9F03-5D292C83998C}"
EndProject
Global
	GlobalSection(SolutionConfigurationPlatforms) = preSolution
		Debug|Any CPU = Debug|Any CPU
		Release|Any CPU = Release|Any CPU
	EndGlobalSection
	GlobalSection(ProjectConfigurationPlatforms) = postSolution
		{D0BD03D3-2854-4710-9F03-5D292C83998C}.Debug|Any CPU.ActiveCfg = Debug|Any CPU
		{D0BD03D3-2854-4710-9F03-5D292C83998C}.Debug|Any CPU.Build.0 = Debug|Any CPU
		{D0BD03D3-2854-4710-9F03-5D292C83998C}.Release|Any CPU.ActiveCfg = Release|Any CPU
		{D0BD03D3-2854-4710-9F03-5D292C83998C}.Release|Any CPU.Build.0 = Release|Any CPU
	EndGlobalSection
	GlobalSection(SolutionProperties) = preSolution
		HideSolutionNode = FALSE
	EndGlobalSection
	GlobalSection(ExtensibilityGlobals) = postSolution
		SolutionGuid = {290249D6-4BC3-4EA0-A6A2-74B099D60ECB}
	EndGlobalSection
EndGlobal
